
Microsoft Visual Studio Solution File, Format Version 12.00
# Visual Studio 15
VisualStudioVersion = 15.0.26124.0
MinimumVisualStudioVersion = 15.0.26124.0
Project("{2150E333-8FDC-42A3-9474-1A3956D46DE8}") = "src", "src", "{4CDBCCBC-1922-4295-A2E9-8078D20CA3A6}"
EndProject
Project("{FAE04EC0-301F-11D3-BF4B-00C04F79EFBC}") = "Api", "src\Api\Api.csproj", "{435D897E-7D15-4288-8F32-22ADC90D987E}"
EndProject
Project("{FAE04EC0-301F-11D3-BF4B-00C04F79EFBC}") = "Test", "src\Test\Test.csproj", "{D466036F-AD54-49A1-99BF-A8F25C826638}"
EndProject
Global
	GlobalSection(SolutionConfigurationPlatforms) = preSolution
		Debug|Any CPU = Debug|Any CPU
		Debug|x64 = Debug|x64
		Debug|x86 = Debug|x86
		Release|Any CPU = Release|Any CPU
		Release|x64 = Release|x64
		Release|x86 = Release|x86
	EndGlobalSection
	GlobalSection(SolutionProperties) = preSolution
		HideSolutionNode = FALSE
	EndGlobalSection
	GlobalSection(ProjectConfigurationPlatforms) = postSolution
		{435D897E-7D15-4288-8F32-22ADC90D987E}.Debug|Any CPU.ActiveCfg = Debug|Any CPU
		{435D897E-7D15-4288-8F32-22ADC90D987E}.Debug|Any CPU.Build.0 = Debug|Any CPU
		{435D897E-7D15-4288-8F32-22ADC90D987E}.Debug|x64.ActiveCfg = Debug|Any CPU
		{435D897E-7D15-4288-8F32-22ADC90D987E}.Debug|x64.Build.0 = Debug|Any CPU
		{435D897E-7D15-4288-8F32-22ADC90D987E}.Debug|x86.ActiveCfg = Debug|Any CPU
		{435D897E-7D15-4288-8F32-22ADC90D987E}.Debug|x86.Build.0 = Debug|Any CPU
		{435D897E-7D15-4288-8F32-22ADC90D987E}.Release|Any CPU.ActiveCfg = Release|Any CPU
		{435D897E-7D15-4288-8F32-22ADC90D987E}.Release|Any CPU.Build.0 = Release|Any CPU
		{435D897E-7D15-4288-8F32-22ADC90D987E}.Release|x64.ActiveCfg = Release|Any CPU
		{435D897E-7D15-4288-8F32-22ADC90D987E}.Release|x64.Build.0 = Release|Any CPU
		{435D897E-7D15-4288-8F32-22ADC90D987E}.Release|x86.ActiveCfg = Release|Any CPU
		{435D897E-7D15-4288-8F32-22ADC90D987E}.Release|x86.Build.0 = Release|Any CPU
		{D466036F-AD54-49A1-99BF-A8F25C826638}.Debug|Any CPU.ActiveCfg = Debug|Any CPU
		{D466036F-AD54-49A1-99BF-A8F25C826638}.Debug|Any CPU.Build.0 = Debug|Any CPU
		{D466036F-AD54-49A1-99BF-A8F25C826638}.Debug|x64.ActiveCfg = Debug|Any CPU
		{D466036F-AD54-49A1-99BF-A8F25C826638}.Debug|x64.Build.0 = Debug|Any CPU
		{D466036F-AD54-49A1-99BF-A8F25C826638}.Debug|x86.ActiveCfg = Debug|Any CPU
		{D466036F-AD54-49A1-99BF-A8F25C826638}.Debug|x86.Build.0 = Debug|Any CPU
		{D466036F-AD54-49A1-99BF-A8F25C826638}.Release|Any CPU.ActiveCfg = Release|Any CPU
		{D466036F-AD54-49A1-99BF-A8F25C826638}.Release|Any CPU.Build.0 = Release|Any CPU
		{D466036F-AD54-49A1-99BF-A8F25C826638}.Release|x64.ActiveCfg = Release|Any CPU
		{D466036F-AD54-49A1-99BF-A8F25C826638}.Release|x64.Build.0 = Release|Any CPU
		{D466036F-AD54-49A1-99BF-A8F25C826638}.Release|x86.ActiveCfg = Release|Any CPU
		{D466036F-AD54-49A1-99BF-A8F25C826638}.Release|x86.Build.0 = Release|Any CPU
	EndGlobalSection
	GlobalSection(NestedProjects) = preSolution
		{435D897E-7D15-4288-8F32-22ADC90D987E} = {4CDBCCBC-1922-4295-A2E9-8078D20CA3A6}
		{D466036F-AD54-49A1-99BF-A8F25C826638} = {4CDBCCBC-1922-4295-A2E9-8078D20CA3A6}
	EndGlobalSection
EndGlobal
